
Microsoft Visual Studio Solution File, Format Version 12.00
# Visual Studio Version 16
VisualStudioVersion = 16.0.28803.452
MinimumVisualStudioVersion = 10.0.40219.1
Project("{9A19103F-16F7-4668-BE54-9A1E7A4F7556}") = "Officium.Tools", "Officium.Tools\Officium.Tools.csproj", "{84C35092-94A0-4AC4-AD4F-B43084C6E007}"
EndProject
Project("{9A19103F-16F7-4668-BE54-9A1E7A4F7556}") = "Officium.Examples", "Officium.Examples\Officium.Examples.csproj", "{02BB2DA5-0FDD-4921-8E3F-706B74DF98FF}"
EndProject
Project("{FAE04EC0-301F-11D3-BF4B-00C04F79EFBC}") = "Officium.Tools.UnitTests", "Officium.Tools.UnitTests\Officium.Tools.UnitTests.csproj", "{14440408-B9C2-4B38-A84A-7FF2D32A35BC}"
EndProject
Global
	GlobalSection(SolutionConfigurationPlatforms) = preSolution
		Debug|Any CPU = Debug|Any CPU
		Release|Any CPU = Release|Any CPU
	EndGlobalSection
	GlobalSection(ProjectConfigurationPlatforms) = postSolution
		{84C35092-94A0-4AC4-AD4F-B43084C6E007}.Debug|Any CPU.ActiveCfg = Debug|Any CPU
		{84C35092-94A0-4AC4-AD4F-B43084C6E007}.Debug|Any CPU.Build.0 = Debug|Any CPU
		{84C35092-94A0-4AC4-AD4F-B43084C6E007}.Release|Any CPU.ActiveCfg = Release|Any CPU
		{84C35092-94A0-4AC4-AD4F-B43084C6E007}.Release|Any CPU.Build.0 = Release|Any CPU
		{02BB2DA5-0FDD-4921-8E3F-706B74DF98FF}.Debug|Any CPU.ActiveCfg = Debug|Any CPU
		{02BB2DA5-0FDD-4921-8E3F-706B74DF98FF}.Debug|Any CPU.Build.0 = Debug|Any CPU
		{02BB2DA5-0FDD-4921-8E3F-706B74DF98FF}.Release|Any CPU.ActiveCfg = Release|Any CPU
		{02BB2DA5-0FDD-4921-8E3F-706B74DF98FF}.Release|Any CPU.Build.0 = Release|Any CPU
		{14440408-B9C2-4B38-A84A-7FF2D32A35BC}.Debug|Any CPU.ActiveCfg = Debug|Any CPU
		{14440408-B9C2-4B38-A84A-7FF2D32A35BC}.Debug|Any CPU.Build.0 = Debug|Any CPU
		{14440408-B9C2-4B38-A84A-7FF2D32A35BC}.Release|Any CPU.ActiveCfg = Release|Any CPU
		{14440408-B9C2-4B38-A84A-7FF2D32A35BC}.Release|Any CPU.Build.0 = Release|Any CPU
	EndGlobalSection
	GlobalSection(SolutionProperties) = preSolution
		HideSolutionNode = FALSE
	EndGlobalSection
	GlobalSection(ExtensibilityGlobals) = postSolution
		SolutionGuid = {3CEA4422-90F5-44B6-8D3F-13015DBEE1CE}
	EndGlobalSection
EndGlobal
